
Microsoft Visual Studio Solution File, Format Version 12.00
# Visual Studio 14
VisualStudioVersion = 14.0.23107.0
MinimumVisualStudioVersion = 10.0.40219.1
Project("{FAE04EC0-301F-11D3-BF4B-00C04F79EFBC}") = "TestCalcService", "TestCalcService\TestCalcService.csproj", "{193881FC-E46F-4691-8B4B-6C93824D6671}"
EndProject
Global
	GlobalSection(SolutionConfigurationPlatforms) = preSolution
		Debug|Any CPU = Debug|Any CPU
		Release|Any CPU = Release|Any CPU
	EndGlobalSection
	GlobalSection(ProjectConfigurationPlatforms) = postSolution
		{193881FC-E46F-4691-8B4B-6C93824D6671}.Debug|Any CPU.ActiveCfg = Debug|Any CPU
		{193881FC-E46F-4691-8B4B-6C93824D6671}.Debug|Any CPU.Build.0 = Debug|Any CPU
		{193881FC-E46F-4691-8B4B-6C93824D6671}.Release|Any CPU.ActiveCfg = Release|Any CPU
		{193881FC-E46F-4691-8B4B-6C93824D6671}.Release|Any CPU.Build.0 = Release|Any CPU
	EndGlobalSection
	GlobalSection(SolutionProperties) = preSolution
		HideSolutionNode = FALSE
	EndGlobalSection
	GlobalSection(TeamFoundationVersionControl) = preSolution
		SccNumberOfProjects = 2
		SccEnterpriseProvider = {4CA58AB2-18FA-4F8D-95D4-32DDF27D184C}
		SccTeamFoundationServer = http://tfs-test:8080/tfs/defaultcollection
		SccLocalPath0 = .
		SccProjectUniqueName1 = TestCalcService\\TestCalcService.csproj
		SccProjectName1 = TestCalcService
		SccLocalPath1 = TestCalcService
	EndGlobalSection
EndGlobal
